// !$*UTF8*$!
{
	archiveVersion = 1;
	classes = {
	};
	objectVersion = 46;
	objects = {

/* Begin PBXBuildFile section */
		2D132EF7157D022F00259E36 /* GTMNSString+HTML.m in Sources */ = {isa = PBXBuildFile; fileRef = 2D132EF6157D022F00259E36 /* GTMNSString+HTML.m */; settings = {COMPILER_FLAGS = "-fno-objc-arc"; }; };
		2D132EFB157D045700259E36 /* NSString+HTML.m in Sources */ = {isa = PBXBuildFile; fileRef = 2D132EFA157D045700259E36 /* NSString+HTML.m */; settings = {COMPILER_FLAGS = "-fno-objc-arc"; }; };
		2D1EECF015D0065000D48624 /* iPhone.storyboard in Resources */ = {isa = PBXBuildFile; fileRef = 2D1EECEF15D0065000D48624 /* iPhone.storyboard */; };
		2D1EECF315D00A0000D48624 /* VideotoriumPlayerViewControllerPhone.m in Sources */ = {isa = PBXBuildFile; fileRef = 2D1EECF215D00A0000D48624 /* VideotoriumPlayerViewControllerPhone.m */; };
		2D24A319157648C000C65290 /* VideotoriumRecordingCell.m in Sources */ = {isa = PBXBuildFile; fileRef = 2D24A318157648C000C65290 /* VideotoriumRecordingCell.m */; };
		2D2CF875162EB7C100224CFB /* thumb@2x.png in Resources */ = {isa = PBXBuildFile; fileRef = 2D2CF873162EB7C100224CFB /* thumb@2x.png */; };
		2D2CF876162EB7C100224CFB /* thumb.png in Resources */ = {isa = PBXBuildFile; fileRef = 2D2CF874162EB7C100224CFB /* thumb.png */; };
		2D7CE03B15CFAC0300118313 /* VideotoriumMoviePlayerViewController.m in Sources */ = {isa = PBXBuildFile; fileRef = 2D7CE03A15CFAC0300118313 /* VideotoriumMoviePlayerViewController.m */; };
		2D810C0F15D0E1FB0072A719 /* Default@2x.png in Resources */ = {isa = PBXBuildFile; fileRef = 2D810C0E15D0E1FB0072A719 /* Default@2x.png */; };
		2D810C1215D0E2050072A719 /* Default.png in Resources */ = {isa = PBXBuildFile; fileRef = 2D810C1115D0E2050072A719 /* Default.png */; };
		2D87232115AAD97100B29538 /* VideotoriumFeaturedViewController.m in Sources */ = {isa = PBXBuildFile; fileRef = 2D87232015AAD97100B29538 /* VideotoriumFeaturedViewController.m */; };
		2D88B9FE1574F8AC00B938FF /* VideotoriumRecording.m in Sources */ = {isa = PBXBuildFile; fileRef = 2D88B9FD1574F8AC00B938FF /* VideotoriumRecording.m */; };
		2D94239F15D0E049004C91A9 /* app-icon@2x~iphone.png in Resources */ = {isa = PBXBuildFile; fileRef = 2D94239E15D0E049004C91A9 /* app-icon@2x~iphone.png */; };
		2D9423A215D0E04C004C91A9 /* app-icon~iphone.png in Resources */ = {isa = PBXBuildFile; fileRef = 2D9423A115D0E04C004C91A9 /* app-icon~iphone.png */; };
		2DA15CBA15CFD86F0032C28F /* VideotoriumSlidePlayerViewController.m in Sources */ = {isa = PBXBuildFile; fileRef = 2DA15CB915CFD86F0032C28F /* VideotoriumSlidePlayerViewController.m */; };
		2DA8FF8C15D0E074006A117D /* app-icon@2x~ipad.png in Resources */ = {isa = PBXBuildFile; fileRef = 2DA8FF8B15D0E074006A117D /* app-icon@2x~ipad.png */; };
		2DA8FF8F15D0E077006A117D /* app-icon~ipad.png in Resources */ = {isa = PBXBuildFile; fileRef = 2DA8FF8E15D0E077006A117D /* app-icon~ipad.png */; };
		2DB449A115AE99EC00594FFF /* videotorium-gradient.png in Resources */ = {isa = PBXBuildFile; fileRef = 2DB4499F15AE99EC00594FFF /* videotorium-gradient.png */; };
		2DB449A215AE99EC00594FFF /* videotorium-gradient@2x.png in Resources */ = {isa = PBXBuildFile; fileRef = 2DB449A015AE99EC00594FFF /* videotorium-gradient@2x.png */; };
		2DB8B68C1578B718001A44D5 /* VideotoriumRecordingInfoViewController.m in Sources */ = {isa = PBXBuildFile; fileRef = 2DB8B68B1578B718001A44D5 /* VideotoriumRecordingInfoViewController.m */; };
		2DB8B68E1578F8C3001A44D5 /* Default-Portrait~ipad.png in Resources */ = {isa = PBXBuildFile; fileRef = 2DB8B68D1578F8C3001A44D5 /* Default-Portrait~ipad.png */; };
		2DB8B6901578F8CB001A44D5 /* Default-Portrait@2x~ipad.png in Resources */ = {isa = PBXBuildFile; fileRef = 2DB8B68F1578F8CB001A44D5 /* Default-Portrait@2x~ipad.png */; };
		2DB8B6921578F8D0001A44D5 /* Default-Landscape~ipad.png in Resources */ = {isa = PBXBuildFile; fileRef = 2DB8B6911578F8D0001A44D5 /* Default-Landscape~ipad.png */; };
		2DB8B6941578F8D4001A44D5 /* Default-Landscape@2x~ipad.png in Resources */ = {isa = PBXBuildFile; fileRef = 2DB8B6931578F8D4001A44D5 /* Default-Landscape@2x~ipad.png */; };
		2DBAFD77157610FC007DA824 /* VideotoriumSearchViewController.m in Sources */ = {isa = PBXBuildFile; fileRef = 2DBAFD76157610FC007DA824 /* VideotoriumSearchViewController.m */; };
		2DC6F85E154E739300CDDA80 /* VideotoriumClientMockDataSource.m in Sources */ = {isa = PBXBuildFile; fileRef = 2D469039154E5AF500E4E69F /* VideotoriumClientMockDataSource.m */; };
		2DC6F860154E8A2800CDDA80 /* iPad.storyboard in Resources */ = {isa = PBXBuildFile; fileRef = 2DC6F85F154E8A2800CDDA80 /* iPad.storyboard */; };
		2DC6F863154E8C5B00CDDA80 /* VideotoriumPlayerViewControllerPad.m in Sources */ = {isa = PBXBuildFile; fileRef = 2DC6F862154E8C5B00CDDA80 /* VideotoriumPlayerViewControllerPad.m */; };
		2DC6F8B0154E962200CDDA80 /* MediaPlayer.framework in Frameworks */ = {isa = PBXBuildFile; fileRef = 2DC6F8AE154E927900CDDA80 /* MediaPlayer.framework */; };
		2DC8428A1587523F00B562FD /* Localizable.strings in Resources */ = {isa = PBXBuildFile; fileRef = 2D84723515874DBE008D2280 /* Localizable.strings */; };
		2DC8428C1587547600B562FD /* VideotoriumClientMockDataSourceResponses.plist in Resources */ = {isa = PBXBuildFile; fileRef = 2DC6F859154E69C300CDDA80 /* VideotoriumClientMockDataSourceResponses.plist */; };
		2DD60204154E579000907702 /* VideotoriumClientDataSourceUsingSynchronousRequest.m in Sources */ = {isa = PBXBuildFile; fileRef = 2DD60203154E579000907702 /* VideotoriumClientDataSourceUsingSynchronousRequest.m */; };
		2DEB06B91549703200AD0805 /* UIKit.framework in Frameworks */ = {isa = PBXBuildFile; fileRef = 2DEB06B81549703200AD0805 /* UIKit.framework */; };
		2DEB06BB1549703200AD0805 /* Foundation.framework in Frameworks */ = {isa = PBXBuildFile; fileRef = 2DEB06BA1549703200AD0805 /* Foundation.framework */; };
		2DEB06BD1549703200AD0805 /* CoreGraphics.framework in Frameworks */ = {isa = PBXBuildFile; fileRef = 2DEB06BC1549703200AD0805 /* CoreGraphics.framework */; };
		2DEB06C31549703200AD0805 /* InfoPlist.strings in Resources */ = {isa = PBXBuildFile; fileRef = 2DEB06C11549703200AD0805 /* InfoPlist.strings */; };
		2DEB06C51549703200AD0805 /* main.m in Sources */ = {isa = PBXBuildFile; fileRef = 2DEB06C41549703200AD0805 /* main.m */; };
		2DEB06C91549703200AD0805 /* VideotoriumAppDelegate.m in Sources */ = {isa = PBXBuildFile; fileRef = 2DEB06C81549703200AD0805 /* VideotoriumAppDelegate.m */; };
		2DEB06D11549703200AD0805 /* SenTestingKit.framework in Frameworks */ = {isa = PBXBuildFile; fileRef = 2DEB06D01549703200AD0805 /* SenTestingKit.framework */; };
		2DEB06D21549703200AD0805 /* UIKit.framework in Frameworks */ = {isa = PBXBuildFile; fileRef = 2DEB06B81549703200AD0805 /* UIKit.framework */; };
		2DEB06D31549703200AD0805 /* Foundation.framework in Frameworks */ = {isa = PBXBuildFile; fileRef = 2DEB06BA1549703200AD0805 /* Foundation.framework */; };
		2DEB06DB1549703300AD0805 /* InfoPlist.strings in Resources */ = {isa = PBXBuildFile; fileRef = 2DEB06D91549703300AD0805 /* InfoPlist.strings */; };
		2DEB06DE1549703300AD0805 /* VideotoriumTests.m in Sources */ = {isa = PBXBuildFile; fileRef = 2DEB06DD1549703300AD0805 /* VideotoriumTests.m */; };
		2DEB06E9154970CF00AD0805 /* VideotoriumClient.m in Sources */ = {isa = PBXBuildFile; fileRef = 2DEB06E8154970CF00AD0805 /* VideotoriumClient.m */; };
		2DEB06ED154AC82B00AD0805 /* VideotoriumRecordingDetails.m in Sources */ = {isa = PBXBuildFile; fileRef = 2DEB06EC154AC82B00AD0805 /* VideotoriumRecordingDetails.m */; };
		2DEB06EE154AC82B00AD0805 /* VideotoriumRecordingDetails.m in Sources */ = {isa = PBXBuildFile; fileRef = 2DEB06EC154AC82B00AD0805 /* VideotoriumRecordingDetails.m */; };
		2DEB06EF154ACC3800AD0805 /* VideotoriumClient.m in Sources */ = {isa = PBXBuildFile; fileRef = 2DEB06E8154970CF00AD0805 /* VideotoriumClient.m */; };
		2DEC7C531611DDFF0069DDB9 /* Default-568h@2x.png in Resources */ = {isa = PBXBuildFile; fileRef = 2DEC7C521611DDFF0069DDB9 /* Default-568h@2x.png */; };
		2DF97E1315AC35C4006CA6A2 /* QuartzCore.framework in Frameworks */ = {isa = PBXBuildFile; fileRef = 2DF97E1215AC35C4006CA6A2 /* QuartzCore.framework */; };
		2DFBB7881580E00900C770EE /* VideotoriumSlidesTableViewController.m in Sources */ = {isa = PBXBuildFile; fileRef = 2DFBB7871580E00900C770EE /* VideotoriumSlidesTableViewController.m */; };
		2DFBB78C1580E06800C770EE /* VideotoriumSlideCell.m in Sources */ = {isa = PBXBuildFile; fileRef = 2DFBB78B1580E06800C770EE /* VideotoriumSlideCell.m */; };
		2DFCBF1A154EC97A0091A021 /* VideotoriumSlide.m in Sources */ = {isa = PBXBuildFile; fileRef = 2DFCBF19154EC97A0091A021 /* VideotoriumSlide.m */; };
/* End PBXBuildFile section */

/* Begin PBXContainerItemProxy section */
		2DEB06D41549703200AD0805 /* PBXContainerItemProxy */ = {
			isa = PBXContainerItemProxy;
			containerPortal = 2DEB06AB1549703200AD0805 /* Project object */;
			proxyType = 1;
			remoteGlobalIDString = 2DEB06B31549703200AD0805;
			remoteInfo = videotorium;
		};
/* End PBXContainerItemProxy section */

/* Begin PBXFileReference section */
		2D132EF5157D022F00259E36 /* GTMNSString+HTML.h */ = {isa = PBXFileReference; fileEncoding = 4; lastKnownFileType = sourcecode.c.h; path = "GTMNSString+HTML.h"; sourceTree = "<group>"; };
		2D132EF6157D022F00259E36 /* GTMNSString+HTML.m */ = {isa = PBXFileReference; fileEncoding = 4; lastKnownFileType = sourcecode.c.objc; path = "GTMNSString+HTML.m"; sourceTree = "<group>"; };
		2D132EF9157D045700259E36 /* NSString+HTML.h */ = {isa = PBXFileReference; fileEncoding = 4; lastKnownFileType = sourcecode.c.h; path = "NSString+HTML.h"; sourceTree = "<group>"; };
		2D132EFA157D045700259E36 /* NSString+HTML.m */ = {isa = PBXFileReference; fileEncoding = 4; lastKnownFileType = sourcecode.c.objc; path = "NSString+HTML.m"; sourceTree = "<group>"; };
		2D1EECED15CFFDCD00D48624 /* VideotoriumPlayerViewController.h */ = {isa = PBXFileReference; lastKnownFileType = sourcecode.c.h; path = VideotoriumPlayerViewController.h; sourceTree = "<group>"; };
		2D1EECEF15D0065000D48624 /* iPhone.storyboard */ = {isa = PBXFileReference; fileEncoding = 4; lastKnownFileType = file.storyboard; path = iPhone.storyboard; sourceTree = "<group>"; };
		2D1EECF115D00A0000D48624 /* VideotoriumPlayerViewControllerPhone.h */ = {isa = PBXFileReference; fileEncoding = 4; lastKnownFileType = sourcecode.c.h; path = VideotoriumPlayerViewControllerPhone.h; sourceTree = "<group>"; };
		2D1EECF215D00A0000D48624 /* VideotoriumPlayerViewControllerPhone.m */ = {isa = PBXFileReference; fileEncoding = 4; lastKnownFileType = sourcecode.c.objc; path = VideotoriumPlayerViewControllerPhone.m; sourceTree = "<group>"; };
		2D24A317157648C000C65290 /* VideotoriumRecordingCell.h */ = {isa = PBXFileReference; fileEncoding = 4; lastKnownFileType = sourcecode.c.h; path = VideotoriumRecordingCell.h; sourceTree = "<group>"; };
		2D24A318157648C000C65290 /* VideotoriumRecordingCell.m */ = {isa = PBXFileReference; fileEncoding = 4; lastKnownFileType = sourcecode.c.objc; path = VideotoriumRecordingCell.m; sourceTree = "<group>"; };
		2D2CF873162EB7C100224CFB /* thumb@2x.png */ = {isa = PBXFileReference; lastKnownFileType = image.png; path = "thumb@2x.png"; sourceTree = "<group>"; };
		2D2CF874162EB7C100224CFB /* thumb.png */ = {isa = PBXFileReference; lastKnownFileType = image.png; path = thumb.png; sourceTree = "<group>"; };
		2D469038154E5AF500E4E69F /* VideotoriumClientMockDataSource.h */ = {isa = PBXFileReference; fileEncoding = 4; lastKnownFileType = sourcecode.c.h; name = VideotoriumClientMockDataSource.h; path = tests/VideotoriumClientMockDataSource.h; sourceTree = SOURCE_ROOT; };
		2D469039154E5AF500E4E69F /* VideotoriumClientMockDataSource.m */ = {isa = PBXFileReference; fileEncoding = 4; lastKnownFileType = sourcecode.c.objc; name = VideotoriumClientMockDataSource.m; path = tests/VideotoriumClientMockDataSource.m; sourceTree = SOURCE_ROOT; };
		2D54C3E6157DF557004783CA /* AVFoundation.framework */ = {isa = PBXFileReference; lastKnownFileType = wrapper.framework; name = AVFoundation.framework; path = System/Library/Frameworks/AVFoundation.framework; sourceTree = SDKROOT; };
		2D54C3E8157DF766004783CA /* CoreMedia.framework */ = {isa = PBXFileReference; lastKnownFileType = wrapper.framework; name = CoreMedia.framework; path = System/Library/Frameworks/CoreMedia.framework; sourceTree = SDKROOT; };
		2D7CE03915CFAC0300118313 /* VideotoriumMoviePlayerViewController.h */ = {isa = PBXFileReference; fileEncoding = 4; lastKnownFileType = sourcecode.c.h; path = VideotoriumMoviePlayerViewController.h; sourceTree = "<group>"; };
		2D7CE03A15CFAC0300118313 /* VideotoriumMoviePlayerViewController.m */ = {isa = PBXFileReference; fileEncoding = 4; lastKnownFileType = sourcecode.c.objc; path = VideotoriumMoviePlayerViewController.m; sourceTree = "<group>"; };
		2D810C0E15D0E1FB0072A719 /* Default@2x.png */ = {isa = PBXFileReference; lastKnownFileType = image.png; path = "Default@2x.png"; sourceTree = "<group>"; };
		2D810C1115D0E2050072A719 /* Default.png */ = {isa = PBXFileReference; lastKnownFileType = image.png; path = Default.png; sourceTree = "<group>"; };
		2D84723715874DC6008D2280 /* hu */ = {isa = PBXFileReference; lastKnownFileType = text.plist.strings; name = hu; path = hu.lproj/Localizable.strings; sourceTree = "<group>"; };
		2D87232015AAD97100B29538 /* VideotoriumFeaturedViewController.m */ = {isa = PBXFileReference; fileEncoding = 4; lastKnownFileType = sourcecode.c.objc; path = VideotoriumFeaturedViewController.m; sourceTree = "<group>"; };
		2D87232315AAD97D00B29538 /* VideotoriumFeaturedViewController.h */ = {isa = PBXFileReference; fileEncoding = 4; lastKnownFileType = sourcecode.c.h; path = VideotoriumFeaturedViewController.h; sourceTree = "<group>"; };
		2D88B9FC1574F8AC00B938FF /* VideotoriumRecording.h */ = {isa = PBXFileReference; fileEncoding = 4; lastKnownFileType = sourcecode.c.h; path = VideotoriumRecording.h; sourceTree = "<group>"; };
		2D88B9FD1574F8AC00B938FF /* VideotoriumRecording.m */ = {isa = PBXFileReference; fileEncoding = 4; lastKnownFileType = sourcecode.c.objc; path = VideotoriumRecording.m; sourceTree = "<group>"; };
		2D94239E15D0E049004C91A9 /* app-icon@2x~iphone.png */ = {isa = PBXFileReference; lastKnownFileType = image.png; path = "app-icon@2x~iphone.png"; sourceTree = "<group>"; };
		2D9423A115D0E04C004C91A9 /* app-icon~iphone.png */ = {isa = PBXFileReference; lastKnownFileType = image.png; path = "app-icon~iphone.png"; sourceTree = "<group>"; };
		2DA15CB815CFD86F0032C28F /* VideotoriumSlidePlayerViewController.h */ = {isa = PBXFileReference; fileEncoding = 4; lastKnownFileType = sourcecode.c.h; path = VideotoriumSlidePlayerViewController.h; sourceTree = "<group>"; };
		2DA15CB915CFD86F0032C28F /* VideotoriumSlidePlayerViewController.m */ = {isa = PBXFileReference; fileEncoding = 4; lastKnownFileType = sourcecode.c.objc; path = VideotoriumSlidePlayerViewController.m; sourceTree = "<group>"; };
		2DA8FF8B15D0E074006A117D /* app-icon@2x~ipad.png */ = {isa = PBXFileReference; lastKnownFileType = image.png; path = "app-icon@2x~ipad.png"; sourceTree = "<group>"; };
		2DA8FF8E15D0E077006A117D /* app-icon~ipad.png */ = {isa = PBXFileReference; lastKnownFileType = image.png; path = "app-icon~ipad.png"; sourceTree = "<group>"; };
		2DB4499F15AE99EC00594FFF /* videotorium-gradient.png */ = {isa = PBXFileReference; lastKnownFileType = image.png; path = "videotorium-gradient.png"; sourceTree = "<group>"; };
		2DB449A015AE99EC00594FFF /* videotorium-gradient@2x.png */ = {isa = PBXFileReference; lastKnownFileType = image.png; path = "videotorium-gradient@2x.png"; sourceTree = "<group>"; };
		2DB8B68A1578B718001A44D5 /* VideotoriumRecordingInfoViewController.h */ = {isa = PBXFileReference; fileEncoding = 4; lastKnownFileType = sourcecode.c.h; path = VideotoriumRecordingInfoViewController.h; sourceTree = "<group>"; };
		2DB8B68B1578B718001A44D5 /* VideotoriumRecordingInfoViewController.m */ = {isa = PBXFileReference; fileEncoding = 4; lastKnownFileType = sourcecode.c.objc; path = VideotoriumRecordingInfoViewController.m; sourceTree = "<group>"; };
		2DB8B68D1578F8C3001A44D5 /* Default-Portrait~ipad.png */ = {isa = PBXFileReference; lastKnownFileType = image.png; path = "Default-Portrait~ipad.png"; sourceTree = "<group>"; };
		2DB8B68F1578F8CB001A44D5 /* Default-Portrait@2x~ipad.png */ = {isa = PBXFileReference; lastKnownFileType = image.png; path = "Default-Portrait@2x~ipad.png"; sourceTree = "<group>"; };
		2DB8B6911578F8D0001A44D5 /* Default-Landscape~ipad.png */ = {isa = PBXFileReference; lastKnownFileType = image.png; path = "Default-Landscape~ipad.png"; sourceTree = "<group>"; };
		2DB8B6931578F8D4001A44D5 /* Default-Landscape@2x~ipad.png */ = {isa = PBXFileReference; lastKnownFileType = image.png; path = "Default-Landscape@2x~ipad.png"; sourceTree = "<group>"; };
		2DBAFD75157610FC007DA824 /* VideotoriumSearchViewController.h */ = {isa = PBXFileReference; fileEncoding = 4; lastKnownFileType = sourcecode.c.h; path = VideotoriumSearchViewController.h; sourceTree = "<group>"; };
		2DBAFD76157610FC007DA824 /* VideotoriumSearchViewController.m */ = {isa = PBXFileReference; fileEncoding = 4; lastKnownFileType = sourcecode.c.objc; path = VideotoriumSearchViewController.m; sourceTree = "<group>"; };
		2DC6F859154E69C300CDDA80 /* VideotoriumClientMockDataSourceResponses.plist */ = {isa = PBXFileReference; fileEncoding = 4; lastKnownFileType = text.plist.xml; path = VideotoriumClientMockDataSourceResponses.plist; sourceTree = "<group>"; };
		2DC6F85F154E8A2800CDDA80 /* iPad.storyboard */ = {isa = PBXFileReference; fileEncoding = 4; lastKnownFileType = file.storyboard; path = iPad.storyboard; sourceTree = "<group>"; };
		2DC6F861154E8C5B00CDDA80 /* VideotoriumPlayerViewControllerPad.h */ = {isa = PBXFileReference; fileEncoding = 4; lastKnownFileType = sourcecode.c.h; path = VideotoriumPlayerViewControllerPad.h; sourceTree = "<group>"; };
		2DC6F862154E8C5B00CDDA80 /* VideotoriumPlayerViewControllerPad.m */ = {isa = PBXFileReference; fileEncoding = 4; lastKnownFileType = sourcecode.c.objc; path = VideotoriumPlayerViewControllerPad.m; sourceTree = "<group>"; };
		2DC6F8AE154E927900CDDA80 /* MediaPlayer.framework */ = {isa = PBXFileReference; lastKnownFileType = wrapper.framework; name = MediaPlayer.framework; path = System/Library/Frameworks/MediaPlayer.framework; sourceTree = SDKROOT; };
		2DC8428B1587524200B562FD /* en */ = {isa = PBXFileReference; lastKnownFileType = text.plist.strings; name = en; path = en.lproj/Localizable.strings; sourceTree = "<group>"; };
		2DD60202154E579000907702 /* VideotoriumClientDataSourceUsingSynchronousRequest.h */ = {isa = PBXFileReference; fileEncoding = 4; lastKnownFileType = sourcecode.c.h; lineEnding = 0; path = VideotoriumClientDataSourceUsingSynchronousRequest.h; sourceTree = "<group>"; xcLanguageSpecificationIdentifier = xcode.lang.objcpp; };
		2DD60203154E579000907702 /* VideotoriumClientDataSourceUsingSynchronousRequest.m */ = {isa = PBXFileReference; fileEncoding = 4; lastKnownFileType = sourcecode.c.objc; lineEnding = 0; path = VideotoriumClientDataSourceUsingSynchronousRequest.m; sourceTree = "<group>"; xcLanguageSpecificationIdentifier = xcode.lang.objc; };
		2DD732D31577C5B100D94E1B /* videotorium.entitlements */ = {isa = PBXFileReference; lastKnownFileType = text.xml; path = videotorium.entitlements; sourceTree = "<group>"; };
		2DEB06B41549703200AD0805 /* videotorium.app */ = {isa = PBXFileReference; explicitFileType = wrapper.application; includeInIndex = 0; path = videotorium.app; sourceTree = BUILT_PRODUCTS_DIR; };
		2DEB06B81549703200AD0805 /* UIKit.framework */ = {isa = PBXFileReference; lastKnownFileType = wrapper.framework; name = UIKit.framework; path = System/Library/Frameworks/UIKit.framework; sourceTree = SDKROOT; };
		2DEB06BA1549703200AD0805 /* Foundation.framework */ = {isa = PBXFileReference; lastKnownFileType = wrapper.framework; name = Foundation.framework; path = System/Library/Frameworks/Foundation.framework; sourceTree = SDKROOT; };
		2DEB06BC1549703200AD0805 /* CoreGraphics.framework */ = {isa = PBXFileReference; lastKnownFileType = wrapper.framework; name = CoreGraphics.framework; path = System/Library/Frameworks/CoreGraphics.framework; sourceTree = SDKROOT; };
		2DEB06C01549703200AD0805 /* videotorium-Info.plist */ = {isa = PBXFileReference; lastKnownFileType = text.plist.xml; path = "videotorium-Info.plist"; sourceTree = "<group>"; };
		2DEB06C21549703200AD0805 /* en */ = {isa = PBXFileReference; lastKnownFileType = text.plist.strings; name = en; path = en.lproj/InfoPlist.strings; sourceTree = "<group>"; };
		2DEB06C41549703200AD0805 /* main.m */ = {isa = PBXFileReference; lastKnownFileType = sourcecode.c.objc; lineEnding = 0; path = main.m; sourceTree = "<group>"; xcLanguageSpecificationIdentifier = xcode.lang.objc; };
		2DEB06C61549703200AD0805 /* videotorium-Prefix.pch */ = {isa = PBXFileReference; lastKnownFileType = sourcecode.c.h; path = "videotorium-Prefix.pch"; sourceTree = "<group>"; };
		2DEB06C71549703200AD0805 /* VideotoriumAppDelegate.h */ = {isa = PBXFileReference; lastKnownFileType = sourcecode.c.h; lineEnding = 0; path = VideotoriumAppDelegate.h; sourceTree = "<group>"; xcLanguageSpecificationIdentifier = xcode.lang.objcpp; };
		2DEB06C81549703200AD0805 /* VideotoriumAppDelegate.m */ = {isa = PBXFileReference; lastKnownFileType = sourcecode.c.objc; lineEnding = 0; path = VideotoriumAppDelegate.m; sourceTree = "<group>"; xcLanguageSpecificationIdentifier = xcode.lang.objc; };
		2DEB06CF1549703200AD0805 /* tests.octest */ = {isa = PBXFileReference; explicitFileType = wrapper.cfbundle; includeInIndex = 0; path = tests.octest; sourceTree = BUILT_PRODUCTS_DIR; };
		2DEB06D01549703200AD0805 /* SenTestingKit.framework */ = {isa = PBXFileReference; lastKnownFileType = wrapper.framework; name = SenTestingKit.framework; path = Library/Frameworks/SenTestingKit.framework; sourceTree = DEVELOPER_DIR; };
		2DEB06D81549703300AD0805 /* tests-Info.plist */ = {isa = PBXFileReference; lastKnownFileType = text.plist.xml; path = "tests-Info.plist"; sourceTree = "<group>"; };
		2DEB06DA1549703300AD0805 /* en */ = {isa = PBXFileReference; lastKnownFileType = text.plist.strings; name = en; path = en.lproj/InfoPlist.strings; sourceTree = "<group>"; };
		2DEB06DC1549703300AD0805 /* VideotoriumTests.h */ = {isa = PBXFileReference; lastKnownFileType = sourcecode.c.h; lineEnding = 0; path = VideotoriumTests.h; sourceTree = "<group>"; xcLanguageSpecificationIdentifier = xcode.lang.objcpp; };
		2DEB06DD1549703300AD0805 /* VideotoriumTests.m */ = {isa = PBXFileReference; lastKnownFileType = sourcecode.c.objc; lineEnding = 0; path = VideotoriumTests.m; sourceTree = "<group>"; xcLanguageSpecificationIdentifier = xcode.lang.objc; };
		2DEB06E7154970CF00AD0805 /* VideotoriumClient.h */ = {isa = PBXFileReference; fileEncoding = 4; lastKnownFileType = sourcecode.c.h; lineEnding = 0; path = VideotoriumClient.h; sourceTree = "<group>"; xcLanguageSpecificationIdentifier = xcode.lang.objcpp; };
		2DEB06E8154970CF00AD0805 /* VideotoriumClient.m */ = {isa = PBXFileReference; fileEncoding = 4; lastKnownFileType = sourcecode.c.objc; lineEnding = 0; path = VideotoriumClient.m; sourceTree = "<group>"; xcLanguageSpecificationIdentifier = xcode.lang.objc; };
		2DEB06EB154AC82B00AD0805 /* VideotoriumRecordingDetails.h */ = {isa = PBXFileReference; fileEncoding = 4; lastKnownFileType = sourcecode.c.h; lineEnding = 0; name = VideotoriumRecordingDetails.h; path = videotorium/VideotoriumRecordingDetails.h; sourceTree = SOURCE_ROOT; xcLanguageSpecificationIdentifier = xcode.lang.objcpp; };
		2DEB06EC154AC82B00AD0805 /* VideotoriumRecordingDetails.m */ = {isa = PBXFileReference; fileEncoding = 4; lastKnownFileType = sourcecode.c.objc; lineEnding = 0; name = VideotoriumRecordingDetails.m; path = videotorium/VideotoriumRecordingDetails.m; sourceTree = SOURCE_ROOT; xcLanguageSpecificationIdentifier = xcode.lang.objc; };
		2DEC7C521611DDFF0069DDB9 /* Default-568h@2x.png */ = {isa = PBXFileReference; lastKnownFileType = image.png; path = "Default-568h@2x.png"; sourceTree = "<group>"; };
		2DF97E1215AC35C4006CA6A2 /* QuartzCore.framework */ = {isa = PBXFileReference; lastKnownFileType = wrapper.framework; name = QuartzCore.framework; path = System/Library/Frameworks/QuartzCore.framework; sourceTree = SDKROOT; };
		2DFBB7861580E00900C770EE /* VideotoriumSlidesTableViewController.h */ = {isa = PBXFileReference; fileEncoding = 4; lastKnownFileType = sourcecode.c.h; path = VideotoriumSlidesTableViewController.h; sourceTree = "<group>"; };
		2DFBB7871580E00900C770EE /* VideotoriumSlidesTableViewController.m */ = {isa = PBXFileReference; fileEncoding = 4; lastKnownFileType = sourcecode.c.objc; path = VideotoriumSlidesTableViewController.m; sourceTree = "<group>"; };
		2DFBB78A1580E06700C770EE /* VideotoriumSlideCell.h */ = {isa = PBXFileReference; fileEncoding = 4; lastKnownFileType = sourcecode.c.h; path = VideotoriumSlideCell.h; sourceTree = "<group>"; };
		2DFBB78B1580E06800C770EE /* VideotoriumSlideCell.m */ = {isa = PBXFileReference; fileEncoding = 4; lastKnownFileType = sourcecode.c.objc; path = VideotoriumSlideCell.m; sourceTree = "<group>"; };
		2DFCBF18154EC97A0091A021 /* VideotoriumSlide.h */ = {isa = PBXFileReference; fileEncoding = 4; lastKnownFileType = sourcecode.c.h; path = VideotoriumSlide.h; sourceTree = "<group>"; };
		2DFCBF19154EC97A0091A021 /* VideotoriumSlide.m */ = {isa = PBXFileReference; fileEncoding = 4; lastKnownFileType = sourcecode.c.objc; path = VideotoriumSlide.m; sourceTree = "<group>"; };
/* End PBXFileReference section */

/* Begin PBXFrameworksBuildPhase section */
		2DEB06B11549703200AD0805 /* Frameworks */ = {
			isa = PBXFrameworksBuildPhase;
			buildActionMask = 2147483647;
			files = (
				2DF97E1315AC35C4006CA6A2 /* QuartzCore.framework in Frameworks */,
				2DC6F8B0154E962200CDDA80 /* MediaPlayer.framework in Frameworks */,
				2DEB06B91549703200AD0805 /* UIKit.framework in Frameworks */,
				2DEB06BB1549703200AD0805 /* Foundation.framework in Frameworks */,
				2DEB06BD1549703200AD0805 /* CoreGraphics.framework in Frameworks */,
			);
			runOnlyForDeploymentPostprocessing = 0;
		};
		2DEB06CB1549703200AD0805 /* Frameworks */ = {
			isa = PBXFrameworksBuildPhase;
			buildActionMask = 2147483647;
			files = (
				2DEB06D11549703200AD0805 /* SenTestingKit.framework in Frameworks */,
				2DEB06D21549703200AD0805 /* UIKit.framework in Frameworks */,
				2DEB06D31549703200AD0805 /* Foundation.framework in Frameworks */,
			);
			runOnlyForDeploymentPostprocessing = 0;
		};
/* End PBXFrameworksBuildPhase section */

/* Begin PBXGroup section */
		2DB860BE1581F08600A7F590 /* Slide table */ = {
			isa = PBXGroup;
			children = (
				2DFBB7861580E00900C770EE /* VideotoriumSlidesTableViewController.h */,
				2DFBB7871580E00900C770EE /* VideotoriumSlidesTableViewController.m */,
				2DFBB78A1580E06700C770EE /* VideotoriumSlideCell.h */,
				2DFBB78B1580E06800C770EE /* VideotoriumSlideCell.m */,
			);
			name = "Slide table";
			sourceTree = "<group>";
		};
		2DE8EFA3154E5F6800503998 /* tests */ = {
			isa = PBXGroup;
			children = (
				2DEB06DC1549703300AD0805 /* VideotoriumTests.h */,
				2DEB06DD1549703300AD0805 /* VideotoriumTests.m */,
				2DEB06D71549703300AD0805 /* Supporting Files */,
			);
			path = tests;
			sourceTree = SOURCE_ROOT;
		};
		2DEB06A91549703200AD0805 = {
			isa = PBXGroup;
			children = (
				2DEB06BE1549703200AD0805 /* videotorium */,
				2DE8EFA3154E5F6800503998 /* tests */,
				2DEB06B71549703200AD0805 /* Frameworks */,
				2DEB06B51549703200AD0805 /* Products */,
			);
			sourceTree = "<group>";
			usesTabs = 0;
		};
		2DEB06B51549703200AD0805 /* Products */ = {
			isa = PBXGroup;
			children = (
				2DEB06B41549703200AD0805 /* videotorium.app */,
				2DEB06CF1549703200AD0805 /* tests.octest */,
			);
			name = Products;
			sourceTree = "<group>";
		};
		2DEB06B71549703200AD0805 /* Frameworks */ = {
			isa = PBXGroup;
			children = (
				2DF97E1215AC35C4006CA6A2 /* QuartzCore.framework */,
				2D54C3E8157DF766004783CA /* CoreMedia.framework */,
				2DC6F8AE154E927900CDDA80 /* MediaPlayer.framework */,
				2D54C3E6157DF557004783CA /* AVFoundation.framework */,
				2DEB06B81549703200AD0805 /* UIKit.framework */,
				2DEB06BA1549703200AD0805 /* Foundation.framework */,
				2DEB06BC1549703200AD0805 /* CoreGraphics.framework */,
				2DEB06D01549703200AD0805 /* SenTestingKit.framework */,
			);
			name = Frameworks;
			sourceTree = "<group>";
		};
		2DEB06BE1549703200AD0805 /* videotorium */ = {
			isa = PBXGroup;
			children = (
				2DC6F85F154E8A2800CDDA80 /* iPad.storyboard */,
				2D1EECEF15D0065000D48624 /* iPhone.storyboard */,
				2D84723515874DBE008D2280 /* Localizable.strings */,
				2DFBB78F1580E0C800C770EE /* Player */,
				2DB860BE1581F08600A7F590 /* Slide table */,
				2DFBB78E1580E0BC00C770EE /* Search */,
				2DFBB78D1580E0AD00C770EE /* Client */,
				2DEB06BF1549703200AD0805 /* Supporting Files */,
				2DFBB7911580E11400C770EE /* Images */,
			);
			path = videotorium;
			sourceTree = "<group>";
		};
		2DEB06BF1549703200AD0805 /* Supporting Files */ = {
			isa = PBXGroup;
			children = (
				2DD732D31577C5B100D94E1B /* videotorium.entitlements */,
				2DEB06C71549703200AD0805 /* VideotoriumAppDelegate.h */,
				2DEB06C81549703200AD0805 /* VideotoriumAppDelegate.m */,
				2DEB06C01549703200AD0805 /* videotorium-Info.plist */,
				2DEB06C11549703200AD0805 /* InfoPlist.strings */,
				2DEB06C41549703200AD0805 /* main.m */,
				2DEB06C61549703200AD0805 /* videotorium-Prefix.pch */,
			);
			name = "Supporting Files";
			sourceTree = "<group>";
		};
		2DEB06D71549703300AD0805 /* Supporting Files */ = {
			isa = PBXGroup;
			children = (
				2DC6F859154E69C300CDDA80 /* VideotoriumClientMockDataSourceResponses.plist */,
				2D469038154E5AF500E4E69F /* VideotoriumClientMockDataSource.h */,
				2D469039154E5AF500E4E69F /* VideotoriumClientMockDataSource.m */,
				2DEB06D81549703300AD0805 /* tests-Info.plist */,
				2DEB06D91549703300AD0805 /* InfoPlist.strings */,
			);
			name = "Supporting Files";
			sourceTree = "<group>";
		};
		2DFBB78D1580E0AD00C770EE /* Client */ = {
			isa = PBXGroup;
			children = (
				2DEB06E7154970CF00AD0805 /* VideotoriumClient.h */,
				2DEB06E8154970CF00AD0805 /* VideotoriumClient.m */,
				2D88B9FC1574F8AC00B938FF /* VideotoriumRecording.h */,
				2D88B9FD1574F8AC00B938FF /* VideotoriumRecording.m */,
				2DEB06EB154AC82B00AD0805 /* VideotoriumRecordingDetails.h */,
				2DEB06EC154AC82B00AD0805 /* VideotoriumRecordingDetails.m */,
				2DFCBF18154EC97A0091A021 /* VideotoriumSlide.h */,
				2DFCBF19154EC97A0091A021 /* VideotoriumSlide.m */,
				2DFBB7901580E0F700C770EE /* Supporting Files */,
			);
			name = Client;
			sourceTree = "<group>";
		};
		2DFBB78E1580E0BC00C770EE /* Search */ = {
			isa = PBXGroup;
			children = (
				2DBAFD75157610FC007DA824 /* VideotoriumSearchViewController.h */,
				2DBAFD76157610FC007DA824 /* VideotoriumSearchViewController.m */,
				2D87232315AAD97D00B29538 /* VideotoriumFeaturedViewController.h */,
				2D87232015AAD97100B29538 /* VideotoriumFeaturedViewController.m */,
				2D24A317157648C000C65290 /* VideotoriumRecordingCell.h */,
				2D24A318157648C000C65290 /* VideotoriumRecordingCell.m */,
			);
			name = Search;
			sourceTree = "<group>";
		};
		2DFBB78F1580E0C800C770EE /* Player */ = {
			isa = PBXGroup;
			children = (
				2D1EECED15CFFDCD00D48624 /* VideotoriumPlayerViewController.h */,
				2DC6F861154E8C5B00CDDA80 /* VideotoriumPlayerViewControllerPad.h */,
				2DC6F862154E8C5B00CDDA80 /* VideotoriumPlayerViewControllerPad.m */,
				2D1EECF115D00A0000D48624 /* VideotoriumPlayerViewControllerPhone.h */,
				2D1EECF215D00A0000D48624 /* VideotoriumPlayerViewControllerPhone.m */,
				2DA15CB815CFD86F0032C28F /* VideotoriumSlidePlayerViewController.h */,
				2DA15CB915CFD86F0032C28F /* VideotoriumSlidePlayerViewController.m */,
				2D7CE03915CFAC0300118313 /* VideotoriumMoviePlayerViewController.h */,
				2D7CE03A15CFAC0300118313 /* VideotoriumMoviePlayerViewController.m */,
				2DB8B68A1578B718001A44D5 /* VideotoriumRecordingInfoViewController.h */,
				2DB8B68B1578B718001A44D5 /* VideotoriumRecordingInfoViewController.m */,
			);
			name = Player;
			sourceTree = "<group>";
		};
		2DFBB7901580E0F700C770EE /* Supporting Files */ = {
			isa = PBXGroup;
			children = (
				2DD60202154E579000907702 /* VideotoriumClientDataSourceUsingSynchronousRequest.h */,
				2DD60203154E579000907702 /* VideotoriumClientDataSourceUsingSynchronousRequest.m */,
				2D132EF9157D045700259E36 /* NSString+HTML.h */,
				2D132EFA157D045700259E36 /* NSString+HTML.m */,
				2D132EF5157D022F00259E36 /* GTMNSString+HTML.h */,
				2D132EF6157D022F00259E36 /* GTMNSString+HTML.m */,
			);
			name = "Supporting Files";
			sourceTree = "<group>";
		};
		2DFBB7911580E11400C770EE /* Images */ = {
			isa = PBXGroup;
			children = (
				2D2CF873162EB7C100224CFB /* thumb@2x.png */,
				2D2CF874162EB7C100224CFB /* thumb.png */,
				2DEC7C521611DDFF0069DDB9 /* Default-568h@2x.png */,
				2D810C1115D0E2050072A719 /* Default.png */,
				2D810C0E15D0E1FB0072A719 /* Default@2x.png */,
				2DB4499F15AE99EC00594FFF /* videotorium-gradient.png */,
				2DB449A015AE99EC00594FFF /* videotorium-gradient@2x.png */,
				2DA8FF8E15D0E077006A117D /* app-icon~ipad.png */,
				2DA8FF8B15D0E074006A117D /* app-icon@2x~ipad.png */,
				2D9423A115D0E04C004C91A9 /* app-icon~iphone.png */,
				2D94239E15D0E049004C91A9 /* app-icon@2x~iphone.png */,
				2DB8B6931578F8D4001A44D5 /* Default-Landscape@2x~ipad.png */,
				2DB8B6911578F8D0001A44D5 /* Default-Landscape~ipad.png */,
				2DB8B68F1578F8CB001A44D5 /* Default-Portrait@2x~ipad.png */,
				2DB8B68D1578F8C3001A44D5 /* Default-Portrait~ipad.png */,
			);
			name = Images;
			path = ..;
			sourceTree = "<group>";
		};
/* End PBXGroup section */

/* Begin PBXNativeTarget section */
		2DEB06B31549703200AD0805 /* videotorium */ = {
			isa = PBXNativeTarget;
			buildConfigurationList = 2DEB06E11549703300AD0805 /* Build configuration list for PBXNativeTarget "videotorium" */;
			buildPhases = (
				2DEB06B01549703200AD0805 /* Sources */,
				2DEB06B11549703200AD0805 /* Frameworks */,
				2DAE23BE16303685004A23D1 /* ShellScript */,
				2DEB06B21549703200AD0805 /* Resources */,
			);
			buildRules = (
			);
			dependencies = (
			);
			name = videotorium;
			productName = videotorium;
			productReference = 2DEB06B41549703200AD0805 /* videotorium.app */;
			productType = "com.apple.product-type.application";
		};
		2DEB06CE1549703200AD0805 /* tests */ = {
			isa = PBXNativeTarget;
			buildConfigurationList = 2DEB06E41549703300AD0805 /* Build configuration list for PBXNativeTarget "tests" */;
			buildPhases = (
				2DEB06CA1549703200AD0805 /* Sources */,
				2DEB06CB1549703200AD0805 /* Frameworks */,
				2DEB06CC1549703200AD0805 /* Resources */,
				2DEB06CD1549703200AD0805 /* ShellScript */,
			);
			buildRules = (
			);
			dependencies = (
				2DEB06D51549703200AD0805 /* PBXTargetDependency */,
			);
			name = tests;
			productName = videotoriumTests;
			productReference = 2DEB06CF1549703200AD0805 /* tests.octest */;
			productType = "com.apple.product-type.bundle";
		};
/* End PBXNativeTarget section */

/* Begin PBXProject section */
		2DEB06AB1549703200AD0805 /* Project object */ = {
			isa = PBXProject;
			attributes = {
				CLASSPREFIX = Videotorium;
				LastUpgradeCheck = 0430;
				ORGANIZATIONNAME = "";
			};
			buildConfigurationList = 2DEB06AE1549703200AD0805 /* Build configuration list for PBXProject "videotorium" */;
			compatibilityVersion = "Xcode 3.2";
			developmentRegion = English;
			hasScannedForEncodings = 0;
			knownRegions = (
				en,
				hu,
			);
			mainGroup = 2DEB06A91549703200AD0805;
			productRefGroup = 2DEB06B51549703200AD0805 /* Products */;
			projectDirPath = "";
			projectRoot = "";
			targets = (
				2DEB06B31549703200AD0805 /* videotorium */,
				2DEB06CE1549703200AD0805 /* tests */,
			);
		};
/* End PBXProject section */

/* Begin PBXResourcesBuildPhase section */
		2DEB06B21549703200AD0805 /* Resources */ = {
			isa = PBXResourcesBuildPhase;
			buildActionMask = 2147483647;
			files = (
				2DC8428A1587523F00B562FD /* Localizable.strings in Resources */,
				2DEB06C31549703200AD0805 /* InfoPlist.strings in Resources */,
				2DC6F860154E8A2800CDDA80 /* iPad.storyboard in Resources */,
				2DB8B68E1578F8C3001A44D5 /* Default-Portrait~ipad.png in Resources */,
				2DB8B6901578F8CB001A44D5 /* Default-Portrait@2x~ipad.png in Resources */,
				2DB8B6921578F8D0001A44D5 /* Default-Landscape~ipad.png in Resources */,
				2DB8B6941578F8D4001A44D5 /* Default-Landscape@2x~ipad.png in Resources */,
				2DB449A115AE99EC00594FFF /* videotorium-gradient.png in Resources */,
				2DB449A215AE99EC00594FFF /* videotorium-gradient@2x.png in Resources */,
				2D1EECF015D0065000D48624 /* iPhone.storyboard in Resources */,
				2D94239F15D0E049004C91A9 /* app-icon@2x~iphone.png in Resources */,
				2D9423A215D0E04C004C91A9 /* app-icon~iphone.png in Resources */,
				2DA8FF8C15D0E074006A117D /* app-icon@2x~ipad.png in Resources */,
				2DA8FF8F15D0E077006A117D /* app-icon~ipad.png in Resources */,
				2D810C0F15D0E1FB0072A719 /* Default@2x.png in Resources */,
				2D810C1215D0E2050072A719 /* Default.png in Resources */,
				2DEC7C531611DDFF0069DDB9 /* Default-568h@2x.png in Resources */,
				2D2CF875162EB7C100224CFB /* thumb@2x.png in Resources */,
				2D2CF876162EB7C100224CFB /* thumb.png in Resources */,
			);
			runOnlyForDeploymentPostprocessing = 0;
		};
		2DEB06CC1549703200AD0805 /* Resources */ = {
			isa = PBXResourcesBuildPhase;
			buildActionMask = 2147483647;
			files = (
				2DC8428C1587547600B562FD /* VideotoriumClientMockDataSourceResponses.plist in Resources */,
				2DEB06DB1549703300AD0805 /* InfoPlist.strings in Resources */,
			);
			runOnlyForDeploymentPostprocessing = 0;
		};
/* End PBXResourcesBuildPhase section */

/* Begin PBXShellScriptBuildPhase section */
		2DAE23BE16303685004A23D1 /* ShellScript */ = {
			isa = PBXShellScriptBuildPhase;
			buildActionMask = 2147483647;
			files = (
			);
			inputPaths = (
			);
			outputPaths = (
			);
			runOnlyForDeploymentPostprocessing = 0;
			shellPath = /bin/sh;
			shellScript = "#!/bin/bash\nbuildNumber=$(/usr/libexec/PlistBuddy -c \"Print CFBundleVersion\" \"$INFOPLIST_FILE\")\nbuildNumber=$(($buildNumber + 1))\n/usr/libexec/PlistBuddy -c \"Set :CFBundleVersion $buildNumber\" \"$INFOPLIST_FILE\"";
		};
		2DEB06CD1549703200AD0805 /* ShellScript */ = {
			isa = PBXShellScriptBuildPhase;
			buildActionMask = 2147483647;
			files = (
			);
			inputPaths = (
			);
			outputPaths = (
			);
			runOnlyForDeploymentPostprocessing = 0;
			shellPath = /bin/sh;
			shellScript = "# Run the unit tests in this test bundle.\n\"${SYSTEM_DEVELOPER_DIR}/Tools/RunUnitTests\"\n";
		};
/* End PBXShellScriptBuildPhase section */

/* Begin PBXSourcesBuildPhase section */
		2DEB06B01549703200AD0805 /* Sources */ = {
			isa = PBXSourcesBuildPhase;
			buildActionMask = 2147483647;
			files = (
				2DEB06C51549703200AD0805 /* main.m in Sources */,
				2DEB06C91549703200AD0805 /* VideotoriumAppDelegate.m in Sources */,
				2DEB06E9154970CF00AD0805 /* VideotoriumClient.m in Sources */,
				2DEB06ED154AC82B00AD0805 /* VideotoriumRecordingDetails.m in Sources */,
				2DD60204154E579000907702 /* VideotoriumClientDataSourceUsingSynchronousRequest.m in Sources */,
				2DC6F863154E8C5B00CDDA80 /* VideotoriumPlayerViewControllerPad.m in Sources */,
				2DFCBF1A154EC97A0091A021 /* VideotoriumSlide.m in Sources */,
				2D88B9FE1574F8AC00B938FF /* VideotoriumRecording.m in Sources */,
				2DBAFD77157610FC007DA824 /* VideotoriumSearchViewController.m in Sources */,
				2D24A319157648C000C65290 /* VideotoriumRecordingCell.m in Sources */,
				2DB8B68C1578B718001A44D5 /* VideotoriumRecordingInfoViewController.m in Sources */,
				2D132EF7157D022F00259E36 /* GTMNSString+HTML.m in Sources */,
				2D132EFB157D045700259E36 /* NSString+HTML.m in Sources */,
				2DFBB7881580E00900C770EE /* VideotoriumSlidesTableViewController.m in Sources */,
				2DFBB78C1580E06800C770EE /* VideotoriumSlideCell.m in Sources */,
				2D87232115AAD97100B29538 /* VideotoriumFeaturedViewController.m in Sources */,
				2D7CE03B15CFAC0300118313 /* VideotoriumMoviePlayerViewController.m in Sources */,
				2DA15CBA15CFD86F0032C28F /* VideotoriumSlidePlayerViewController.m in Sources */,
				2D1EECF315D00A0000D48624 /* VideotoriumPlayerViewControllerPhone.m in Sources */,
			);
			runOnlyForDeploymentPostprocessing = 0;
		};
		2DEB06CA1549703200AD0805 /* Sources */ = {
			isa = PBXSourcesBuildPhase;
			buildActionMask = 2147483647;
			files = (
				2DEB06DE1549703300AD0805 /* VideotoriumTests.m in Sources */,
				2DEB06EE154AC82B00AD0805 /* VideotoriumRecordingDetails.m in Sources */,
				2DEB06EF154ACC3800AD0805 /* VideotoriumClient.m in Sources */,
				2DC6F85E154E739300CDDA80 /* VideotoriumClientMockDataSource.m in Sources */,
			);
			runOnlyForDeploymentPostprocessing = 0;
		};
/* End PBXSourcesBuildPhase section */

/* Begin PBXTargetDependency section */
		2DEB06D51549703200AD0805 /* PBXTargetDependency */ = {
			isa = PBXTargetDependency;
			target = 2DEB06B31549703200AD0805 /* videotorium */;
			targetProxy = 2DEB06D41549703200AD0805 /* PBXContainerItemProxy */;
		};
/* End PBXTargetDependency section */

/* Begin PBXVariantGroup section */
		2D84723515874DBE008D2280 /* Localizable.strings */ = {
			isa = PBXVariantGroup;
			children = (
				2D84723715874DC6008D2280 /* hu */,
				2DC8428B1587524200B562FD /* en */,
			);
			name = Localizable.strings;
			sourceTree = "<group>";
		};
		2DEB06C11549703200AD0805 /* InfoPlist.strings */ = {
			isa = PBXVariantGroup;
			children = (
				2DEB06C21549703200AD0805 /* en */,
			);
			name = InfoPlist.strings;
			sourceTree = "<group>";
		};
		2DEB06D91549703300AD0805 /* InfoPlist.strings */ = {
			isa = PBXVariantGroup;
			children = (
				2DEB06DA1549703300AD0805 /* en */,
			);
			name = InfoPlist.strings;
			sourceTree = "<group>";
		};
/* End PBXVariantGroup section */

/* Begin XCBuildConfiguration section */
		2DEB06DF1549703300AD0805 /* Debug */ = {
			isa = XCBuildConfiguration;
			buildSettings = {
				ALWAYS_SEARCH_USER_PATHS = NO;
				ARCHS = "$(ARCHS_STANDARD_32_BIT)";
				CLANG_ENABLE_OBJC_ARC = YES;
				CODE_SIGN_IDENTITY = "iPhone Developer";
				"CODE_SIGN_IDENTITY[sdk=iphoneos*]" = "iPhone Developer";
				COPY_PHASE_STRIP = NO;
				GCC_C_LANGUAGE_STANDARD = gnu99;
				GCC_DYNAMIC_NO_PIC = NO;
				GCC_OPTIMIZATION_LEVEL = 0;
				GCC_PREPROCESSOR_DEFINITIONS = (
					"DEBUG=1",
					"$(inherited)",
				);
				GCC_SYMBOLS_PRIVATE_EXTERN = NO;
				GCC_VERSION = com.apple.compilers.llvm.clang.1_0;
				GCC_WARN_ABOUT_RETURN_TYPE = YES;
				GCC_WARN_UNINITIALIZED_AUTOS = YES;
				GCC_WARN_UNUSED_VARIABLE = YES;
				IPHONEOS_DEPLOYMENT_TARGET = 5.0;
				PROVISIONING_PROFILE = "";
				"PROVISIONING_PROFILE[sdk=iphoneos*]" = "";
				SDKROOT = iphoneos;
				TARGETED_DEVICE_FAMILY = "1,2";
			};
			name = Debug;
		};
		2DEB06E01549703300AD0805 /* Release */ = {
			isa = XCBuildConfiguration;
			buildSettings = {
				ALWAYS_SEARCH_USER_PATHS = NO;
				ARCHS = "$(ARCHS_STANDARD_32_BIT)";
				CLANG_ENABLE_OBJC_ARC = YES;
				CODE_SIGN_IDENTITY = "iPhone Developer";
				"CODE_SIGN_IDENTITY[sdk=iphoneos*]" = "iPhone Developer";
				COPY_PHASE_STRIP = YES;
				GCC_C_LANGUAGE_STANDARD = gnu99;
				GCC_VERSION = com.apple.compilers.llvm.clang.1_0;
				GCC_WARN_ABOUT_RETURN_TYPE = YES;
				GCC_WARN_UNINITIALIZED_AUTOS = YES;
				GCC_WARN_UNUSED_VARIABLE = YES;
				IPHONEOS_DEPLOYMENT_TARGET = 5.0;
				OTHER_CFLAGS = "-DNS_BLOCK_ASSERTIONS=1";
				PROVISIONING_PROFILE = "";
				"PROVISIONING_PROFILE[sdk=iphoneos*]" = "";
				SDKROOT = iphoneos;
				TARGETED_DEVICE_FAMILY = "1,2";
				VALIDATE_PRODUCT = YES;
			};
			name = Release;
		};
		2DEB06E21549703300AD0805 /* Debug */ = {
			isa = XCBuildConfiguration;
			buildSettings = {
				CODE_SIGN_ENTITLEMENTS = videotorium/videotorium.entitlements;
				GCC_PRECOMPILE_PREFIX_HEADER = YES;
				GCC_PREFIX_HEADER = "videotorium/videotorium-Prefix.pch";
				INFOPLIST_FILE = "videotorium/videotorium-Info.plist";
				PRODUCT_NAME = "$(TARGET_NAME)";
				TARGETED_DEVICE_FAMILY = "1,2";
				WRAPPER_EXTENSION = app;
			};
			name = Debug;
		};
		2DEB06E31549703300AD0805 /* Release */ = {
			isa = XCBuildConfiguration;
			buildSettings = {
				CODE_SIGN_ENTITLEMENTS = videotorium/videotorium.entitlements;
				GCC_PRECOMPILE_PREFIX_HEADER = YES;
				GCC_PREFIX_HEADER = "videotorium/videotorium-Prefix.pch";
				INFOPLIST_FILE = "videotorium/videotorium-Info.plist";
				PRODUCT_NAME = "$(TARGET_NAME)";
				TARGETED_DEVICE_FAMILY = "1,2";
				WRAPPER_EXTENSION = app;
			};
			name = Release;
		};
		2DEB06E51549703300AD0805 /* Debug */ = {
			isa = XCBuildConfiguration;
			buildSettings = {
				BUNDLE_LOADER = "$(BUILT_PRODUCTS_DIR)/videotorium.app/videotorium";
				FRAMEWORK_SEARCH_PATHS = (
					"$(SDKROOT)/Developer/Library/Frameworks",
					"$(DEVELOPER_LIBRARY_DIR)/Frameworks",
				);
				GCC_PRECOMPILE_PREFIX_HEADER = YES;
				GCC_PREFIX_HEADER = "videotorium/videotorium-Prefix.pch";
				INFOPLIST_FILE = "tests/tests-Info.plist";
				PRODUCT_NAME = "$(TARGET_NAME)";
				TEST_HOST = "$(BUNDLE_LOADER)";
				WRAPPER_EXTENSION = octest;
			};
			name = Debug;
		};
		2DEB06E61549703300AD0805 /* Release */ = {
			isa = XCBuildConfiguration;
			buildSettings = {
				BUNDLE_LOADER = "$(BUILT_PRODUCTS_DIR)/videotorium.app/videotorium";
				FRAMEWORK_SEARCH_PATHS = (
					"$(SDKROOT)/Developer/Library/Frameworks",
					"$(DEVELOPER_LIBRARY_DIR)/Frameworks",
				);
				GCC_PRECOMPILE_PREFIX_HEADER = YES;
				GCC_PREFIX_HEADER = "videotorium/videotorium-Prefix.pch";
				INFOPLIST_FILE = "tests/tests-Info.plist";
				PRODUCT_NAME = "$(TARGET_NAME)";
				TEST_HOST = "$(BUNDLE_LOADER)";
				WRAPPER_EXTENSION = octest;
			};
			name = Release;
		};
/* End XCBuildConfiguration section */

/* Begin XCConfigurationList section */
		2DEB06AE1549703200AD0805 /* Build configuration list for PBXProject "videotorium" */ = {
			isa = XCConfigurationList;
			buildConfigurations = (
				2DEB06DF1549703300AD0805 /* Debug */,
				2DEB06E01549703300AD0805 /* Release */,
			);
			defaultConfigurationIsVisible = 0;
			defaultConfigurationName = Release;
		};
		2DEB06E11549703300AD0805 /* Build configuration list for PBXNativeTarget "videotorium" */ = {
			isa = XCConfigurationList;
			buildConfigurations = (
				2DEB06E21549703300AD0805 /* Debug */,
				2DEB06E31549703300AD0805 /* Release */,
			);
			defaultConfigurationIsVisible = 0;
			defaultConfigurationName = Release;
		};
		2DEB06E41549703300AD0805 /* Build configuration list for PBXNativeTarget "tests" */ = {
			isa = XCConfigurationList;
			buildConfigurations = (
				2DEB06E51549703300AD0805 /* Debug */,
				2DEB06E61549703300AD0805 /* Release */,
			);
			defaultConfigurationIsVisible = 0;
			defaultConfigurationName = Release;
		};
/* End XCConfigurationList section */
	};
	rootObject = 2DEB06AB1549703200AD0805 /* Project object */;
}
